
Microsoft Visual Studio Solution File, Format Version 12.00
# Visual Studio Version 17
VisualStudioVersion = 17.0.31710.8
MinimumVisualStudioVersion = 10.0.40219.1
Project("{9A19103F-16F7-4668-BE54-9A1E7A4F7556}") = "AutoMapper.Console", "AutoMapper.Console\AutoMapper.Console.csproj", "{412B2D60-AA2E-4F91-8D98-84CC11190522}"
EndProject
Project("{9A19103F-16F7-4668-BE54-9A1E7A4F7556}") = "AutoMapper.Common", "AutoMapper.Common\AutoMapper.Common.csproj", "{136BD568-3A27-43A2-AC5F-9950E362E69B}"
EndProject
Project("{9A19103F-16F7-4668-BE54-9A1E7A4F7556}") = "AutoMapper.SourceGeneration", "AutoMapper.SourceGeneration\AutoMapper.SourceGeneration.csproj", "{0035546B-22AB-494A-A88D-4B072E18EF39}"
EndProject
Global
	GlobalSection(SolutionConfigurationPlatforms) = preSolution
		Debug|Any CPU = Debug|Any CPU
		Release|Any CPU = Release|Any CPU
	EndGlobalSection
	GlobalSection(ProjectConfigurationPlatforms) = postSolution
		{412B2D60-AA2E-4F91-8D98-84CC11190522}.Debug|Any CPU.ActiveCfg = Debug|Any CPU
		{412B2D60-AA2E-4F91-8D98-84CC11190522}.Debug|Any CPU.Build.0 = Debug|Any CPU
		{412B2D60-AA2E-4F91-8D98-84CC11190522}.Release|Any CPU.ActiveCfg = Release|Any CPU
		{412B2D60-AA2E-4F91-8D98-84CC11190522}.Release|Any CPU.Build.0 = Release|Any CPU
		{136BD568-3A27-43A2-AC5F-9950E362E69B}.Debug|Any CPU.ActiveCfg = Debug|Any CPU
		{136BD568-3A27-43A2-AC5F-9950E362E69B}.Debug|Any CPU.Build.0 = Debug|Any CPU
		{136BD568-3A27-43A2-AC5F-9950E362E69B}.Release|Any CPU.ActiveCfg = Release|Any CPU
		{136BD568-3A27-43A2-AC5F-9950E362E69B}.Release|Any CPU.Build.0 = Release|Any CPU
		{0035546B-22AB-494A-A88D-4B072E18EF39}.Debug|Any CPU.ActiveCfg = Debug|Any CPU
		{0035546B-22AB-494A-A88D-4B072E18EF39}.Debug|Any CPU.Build.0 = Debug|Any CPU
		{0035546B-22AB-494A-A88D-4B072E18EF39}.Release|Any CPU.ActiveCfg = Release|Any CPU
		{0035546B-22AB-494A-A88D-4B072E18EF39}.Release|Any CPU.Build.0 = Release|Any CPU
	EndGlobalSection
	GlobalSection(SolutionProperties) = preSolution
		HideSolutionNode = FALSE
	EndGlobalSection
	GlobalSection(ExtensibilityGlobals) = postSolution
		SolutionGuid = {3005159F-4548-430A-AF7E-5CE8870E9F95}
	EndGlobalSection
EndGlobal
